
Microsoft Visual Studio Solution File, Format Version 12.00
# Visual Studio 15
VisualStudioVersion = 15.0.27130.2010
MinimumVisualStudioVersion = 10.0.40219.1
Project("{FAE04EC0-301F-11D3-BF4B-00C04F79EFBC}") = "001.Hangman", "001.Hangman\001.Hangman.csproj", "{BD6221BB-C83E-4404-9D0F-F12D2470F2B8}"
EndProject
Global
	GlobalSection(SolutionConfigurationPlatforms) = preSolution
		Debug|Any CPU = Debug|Any CPU
		Release|Any CPU = Release|Any CPU
	EndGlobalSection
	GlobalSection(ProjectConfigurationPlatforms) = postSolution
		{BD6221BB-C83E-4404-9D0F-F12D2470F2B8}.Debug|Any CPU.ActiveCfg = Debug|Any CPU
		{BD6221BB-C83E-4404-9D0F-F12D2470F2B8}.Debug|Any CPU.Build.0 = Debug|Any CPU
		{BD6221BB-C83E-4404-9D0F-F12D2470F2B8}.Release|Any CPU.ActiveCfg = Release|Any CPU
		{BD6221BB-C83E-4404-9D0F-F12D2470F2B8}.Release|Any CPU.Build.0 = Release|Any CPU
	EndGlobalSection
	GlobalSection(SolutionProperties) = preSolution
		HideSolutionNode = FALSE
	EndGlobalSection
	GlobalSection(ExtensibilityGlobals) = postSolution
		SolutionGuid = {C487FD59-108C-4369-AD73-875B7A3A2CFA}
	EndGlobalSection
EndGlobal
